<Solution>
  <Project Path="RateLimitingBackendGuildProject.ApiService/RateLimitingBackendGuildProject.ApiService.csproj" />
  <Project Path="RateLimitingBackendGuildProject.AppHost/RateLimitingBackendGuildProject.AppHost.csproj" />
  <Project Path="RateLimitingBackendGuildProject.ServiceDefaults/RateLimitingBackendGuildProject.ServiceDefaults.csproj" />
</Solution>
